
Microsoft Visual Studio Solution File, Format Version 12.00
Project("{2150E333-8FDC-42A3-9474-1A3956D46DE8}") = "src", "src", "{3175DAF5-8CCC-4F40-8111-A92BE59F2253}"
EndProject
Project("{FAE04EC0-301F-11D3-BF4B-00C04F79EFBC}") = "Api", "src\Api\Api.csproj", "{2C86446E-E387-4F5F-9239-CF5F2E6F0C09}"
EndProject
Project("{FAE04EC0-301F-11D3-BF4B-00C04F79EFBC}") = "Application", "src\Application\Application.csproj", "{F8D78671-C453-428B-8634-2327E28B3CC7}"
EndProject
Project("{FAE04EC0-301F-11D3-BF4B-00C04F79EFBC}") = "Business", "src\Business\Business.csproj", "{AD6DE202-386B-43E2-A175-6888DF0BE9FF}"
EndProject
Project("{FAE04EC0-301F-11D3-BF4B-00C04F79EFBC}") = "Data", "src\Data\Data.csproj", "{EB343992-3DFB-4A59-A718-DC5EC11C401E}"
EndProject
Global
	GlobalSection(SolutionConfigurationPlatforms) = preSolution
		Debug|Any CPU = Debug|Any CPU
		Release|Any CPU = Release|Any CPU
	EndGlobalSection
	GlobalSection(ProjectConfigurationPlatforms) = postSolution
		{2C86446E-E387-4F5F-9239-CF5F2E6F0C09}.Debug|Any CPU.ActiveCfg = Debug|Any CPU
		{2C86446E-E387-4F5F-9239-CF5F2E6F0C09}.Debug|Any CPU.Build.0 = Debug|Any CPU
		{2C86446E-E387-4F5F-9239-CF5F2E6F0C09}.Release|Any CPU.ActiveCfg = Release|Any CPU
		{2C86446E-E387-4F5F-9239-CF5F2E6F0C09}.Release|Any CPU.Build.0 = Release|Any CPU
		{F8D78671-C453-428B-8634-2327E28B3CC7}.Debug|Any CPU.ActiveCfg = Debug|Any CPU
		{F8D78671-C453-428B-8634-2327E28B3CC7}.Debug|Any CPU.Build.0 = Debug|Any CPU
		{F8D78671-C453-428B-8634-2327E28B3CC7}.Release|Any CPU.ActiveCfg = Release|Any CPU
		{F8D78671-C453-428B-8634-2327E28B3CC7}.Release|Any CPU.Build.0 = Release|Any CPU
		{AD6DE202-386B-43E2-A175-6888DF0BE9FF}.Debug|Any CPU.ActiveCfg = Debug|Any CPU
		{AD6DE202-386B-43E2-A175-6888DF0BE9FF}.Debug|Any CPU.Build.0 = Debug|Any CPU
		{AD6DE202-386B-43E2-A175-6888DF0BE9FF}.Release|Any CPU.ActiveCfg = Release|Any CPU
		{AD6DE202-386B-43E2-A175-6888DF0BE9FF}.Release|Any CPU.Build.0 = Release|Any CPU
		{EB343992-3DFB-4A59-A718-DC5EC11C401E}.Debug|Any CPU.ActiveCfg = Debug|Any CPU
		{EB343992-3DFB-4A59-A718-DC5EC11C401E}.Debug|Any CPU.Build.0 = Debug|Any CPU
		{EB343992-3DFB-4A59-A718-DC5EC11C401E}.Release|Any CPU.ActiveCfg = Release|Any CPU
		{EB343992-3DFB-4A59-A718-DC5EC11C401E}.Release|Any CPU.Build.0 = Release|Any CPU
	EndGlobalSection
	GlobalSection(NestedProjects) = preSolution
		{2C86446E-E387-4F5F-9239-CF5F2E6F0C09} = {3175DAF5-8CCC-4F40-8111-A92BE59F2253}
		{F8D78671-C453-428B-8634-2327E28B3CC7} = {3175DAF5-8CCC-4F40-8111-A92BE59F2253}
		{AD6DE202-386B-43E2-A175-6888DF0BE9FF} = {3175DAF5-8CCC-4F40-8111-A92BE59F2253}
		{EB343992-3DFB-4A59-A718-DC5EC11C401E} = {3175DAF5-8CCC-4F40-8111-A92BE59F2253}
	EndGlobalSection
EndGlobal
